Microsoft Visual Studio Solution File, Format Version 12.00
# Visual Studio 2012
Project("{FAE04EC0-301F-11D3-BF4B-00C04F79EFBC}") = "Santa-s Snowy Quest", "Santa-s Snowy Quest.csproj", "{D16C53A2-7BD4-4172-A4E9-283CF43ACADD}"
EndProject
Global
	GlobalSection(SolutionConfigurationPlatforms) = preSolution
	Debug|Any CPU = Debug|Any CPU
	ExportDebug|Any CPU = ExportDebug|Any CPU
	ExportRelease|Any CPU = ExportRelease|Any CPU
	EndGlobalSection
	GlobalSection(ProjectConfigurationPlatforms) = postSolution
		{D16C53A2-7BD4-4172-A4E9-283CF43ACADD}.Debug|Any CPU.ActiveCfg = Debug|Any CPU
		{D16C53A2-7BD4-4172-A4E9-283CF43ACADD}.Debug|Any CPU.Build.0 = Debug|Any CPU
		{D16C53A2-7BD4-4172-A4E9-283CF43ACADD}.ExportDebug|Any CPU.ActiveCfg = ExportDebug|Any CPU
		{D16C53A2-7BD4-4172-A4E9-283CF43ACADD}.ExportDebug|Any CPU.Build.0 = ExportDebug|Any CPU
		{D16C53A2-7BD4-4172-A4E9-283CF43ACADD}.ExportRelease|Any CPU.ActiveCfg = ExportRelease|Any CPU
		{D16C53A2-7BD4-4172-A4E9-283CF43ACADD}.ExportRelease|Any CPU.Build.0 = ExportRelease|Any CPU
	EndGlobalSection
EndGlobal
